PODS:
  - Realm (10.52.0):
    - Realm/Headers (= 10.52.0)
  - Realm/Headers (10.52.0)
  - RealmSwift (10.52.0):
    - Realm (= 10.52.0)

DEPENDENCIES:
  - RealmSwift (~> 10)

SPEC REPOS:
  trunk:
    - Realm
    - RealmSwift

SPEC CHECKSUMS:
  Realm: d1903aeb0b3585d810656c2ea04212bc1936ebc7
  RealmSwift: f7a85c86e61c6da6f6ef334778af3d133b0edf28

PODFILE CHECKSUM: 391750b2e7c4d0fdd97f7d62a032c2a37266d78c

COCOAPODS: 1.14.2
